{
  "version": 4,
  "terraform_version": "1.9.8",
  "serial": 50,
  "lineage": "f3edd5e3-508a-a7c3-58e3-edb2dde7ae76",
  "outputs": {
    "alb_dns_name": {
      "value": "internal-roboshop-App-ALB-715753496.us-east-1.elb.amazonaws.com",
      "type": "string"
    }
  },
  "resources": [
    {
      "mode": "data",
      "type": "aws_ssm_parameter",
      "name": "app_alb_sg_id",
      "provider": "provider[\"registry.terraform.io/hashicorp/aws\"]",
      "instances": [
        {
          "schema_version": 0,
          "attributes": {
            "arn": "arn:aws:ssm:us-east-1:600627337151:parameter/roboshop/dev/app_alb_sg_id",
            "id": "/roboshop/dev/app_alb_sg_id",
            "insecure_value": "sg-0885dea7a24535d03",
            "name": "/roboshop/dev/app_alb_sg_id",
            "type": "String",
            "value": "sg-0885dea7a24535d03",
            "version": 1,
            "with_decryption": true
          },
          "sensitive_attributes": [
            [
              {
                "type": "get_attr",
                "value": "value"
              }
            ]
          ]
        }
      ]
    },
    {
      "mode": "data",
      "type": "aws_ssm_parameter",
      "name": "private_subnet_ids",
      "provider": "provider[\"registry.terraform.io/hashicorp/aws\"]",
      "instances": [
        {
          "schema_version": 0,
          "attributes": {
            "arn": "arn:aws:ssm:us-east-1:600627337151:parameter/roboshop/dev/private_subnet_ids",
            "id": "/roboshop/dev/private_subnet_ids",
            "insecure_value": "subnet-0b401e3aaeaae26e9,subnet-0f1e7a687df7f8293",
            "name": "/roboshop/dev/private_subnet_ids",
            "type": "String",
            "value": "subnet-0b401e3aaeaae26e9,subnet-0f1e7a687df7f8293",
            "version": 1,
            "with_decryption": true
          },
          "sensitive_attributes": [
            [
              {
                "type": "get_attr",
                "value": "value"
              }
            ]
          ]
        }
      ]
    },
    {
      "mode": "data",
      "type": "aws_ssm_parameter",
      "name": "vpc_id",
      "provider": "provider[\"registry.terraform.io/hashicorp/aws\"]",
      "instances": [
        {
          "schema_version": 0,
          "attributes": {
            "arn": "arn:aws:ssm:us-east-1:600627337151:parameter/roboshop/dev/vpc_id",
            "id": "/roboshop/dev/vpc_id",
            "insecure_value": "vpc-0d4971ce7ba319b26",
            "name": "/roboshop/dev/vpc_id",
            "type": "String",
            "value": "vpc-0d4971ce7ba319b26",
            "version": 1,
            "with_decryption": true
          },
          "sensitive_attributes": [
            [
              {
                "type": "get_attr",
                "value": "value"
              }
            ]
          ]
        }
      ]
    },
    {
      "mode": "managed",
      "type": "aws_lb",
      "name": "app_alb",
      "provider": "provider[\"registry.terraform.io/hashicorp/aws\"]",
      "instances": [
        {
          "schema_version": 0,
          "attributes": {
            "access_logs": [
              {
                "bucket": "",
                "enabled": false,
                "prefix": ""
              }
            ],
            "arn": "arn:aws:elasticloadbalancing:us-east-1:600627337151:loadbalancer/app/roboshop-App-ALB/2dc52416aa30f773",
            "arn_suffix": "app/roboshop-App-ALB/2dc52416aa30f773",
            "client_keep_alive": 3600,
            "connection_logs": [
              {
                "bucket": "",
                "enabled": false,
                "prefix": ""
              }
            ],
            "customer_owned_ipv4_pool": "",
            "desync_mitigation_mode": "defensive",
            "dns_name": "internal-roboshop-App-ALB-715753496.us-east-1.elb.amazonaws.com",
            "dns_record_client_routing_policy": null,
            "drop_invalid_header_fields": false,
            "enable_cross_zone_load_balancing": true,
            "enable_deletion_protection": false,
            "enable_http2": true,
            "enable_tls_version_and_cipher_suite_headers": false,
            "enable_waf_fail_open": false,
            "enable_xff_client_port": false,
            "enable_zonal_shift": false,
            "enforce_security_group_inbound_rules_on_private_link_traffic": "",
            "id": "arn:aws:elasticloadbalancing:us-east-1:600627337151:loadbalancer/app/roboshop-App-ALB/2dc52416aa30f773",
            "idle_timeout": 60,
            "internal": true,
            "ip_address_type": "ipv4",
            "ipam_pools": [],
            "load_balancer_type": "application",
            "name": "roboshop-App-ALB",
            "name_prefix": "",
            "preserve_host_header": false,
            "security_groups": [
              "sg-0885dea7a24535d03"
            ],
            "subnet_mapping": [
              {
                "allocation_id": "",
                "ipv6_address": "",
                "outpost_id": "",
                "private_ipv4_address": "",
                "subnet_id": "subnet-0b401e3aaeaae26e9"
              },
              {
                "allocation_id": "",
                "ipv6_address": "",
                "outpost_id": "",
                "private_ipv4_address": "",
                "subnet_id": "subnet-0f1e7a687df7f8293"
              }
            ],
            "subnets": [
              "subnet-0b401e3aaeaae26e9",
              "subnet-0f1e7a687df7f8293"
            ],
            "tags": {
              "Component": "App-ALB",
              "Environment": "DEV",
              "Project": "roboshop",
              "Terraform": "true"
            },
            "tags_all": {
              "Component": "App-ALB",
              "Environment": "DEV",
              "Project": "roboshop",
              "Terraform": "true"
            },
            "timeouts": null,
            "vpc_id": "vpc-0d4971ce7ba319b26",
            "xff_header_processing_mode": "append",
            "zone_id": "Z35SXDOTRQ7X7K"
          },
          "sensitive_attributes": [
            [
              {
                "type": "get_attr",
                "value": "subnets"
              }
            ],
            [
              {
                "type": "get_attr",
                "value": "security_groups"
              }
            ]
          ],
          "private": "eyJlMmJmYjczMC1lY2FhLTExZTYtOGY4OC0zNDM2M2JjN2M0YzAiOnsiY3JlYXRlIjo2MDAwMDAwMDAwMDAsImRlbGV0ZSI6NjAwMDAwMDAwMDAwLCJ1cGRhdGUiOjYwMDAwMDAwMDAwMH19",
          "dependencies": [
            "data.aws_ssm_parameter.app_alb_sg_id",
            "data.aws_ssm_parameter.private_subnet_ids"
          ]
        }
      ]
    },
    {
      "mode": "managed",
      "type": "aws_lb_listener",
      "name": "http",
      "provider": "provider[\"registry.terraform.io/hashicorp/aws\"]",
      "instances": [
        {
          "schema_version": 0,
          "attributes": {
            "alpn_policy": null,
            "arn": "arn:aws:elasticloadbalancing:us-east-1:600627337151:listener/app/roboshop-App-ALB/2dc52416aa30f773/c90d6433277e6121",
            "certificate_arn": null,
            "default_action": [
              {
                "authenticate_cognito": [],
                "authenticate_oidc": [],
                "fixed_response": [
                  {
                    "content_type": "text/plain",
                    "message_body": "This is the fixed response from APP ALB",
                    "status_code": "200"
                  }
                ],
                "forward": [],
                "order": 1,
                "redirect": [],
                "target_group_arn": "",
                "type": "fixed-response"
              }
            ],
            "id": "arn:aws:elasticloadbalancing:us-east-1:600627337151:listener/app/roboshop-App-ALB/2dc52416aa30f773/c90d6433277e6121",
            "load_balancer_arn": "arn:aws:elasticloadbalancing:us-east-1:600627337151:loadbalancer/app/roboshop-App-ALB/2dc52416aa30f773",
            "mutual_authentication": [],
            "port": 80,
            "protocol": "HTTP",
            "routing_http_request_x_amzn_mtls_clientcert_header_name": null,
            "routing_http_request_x_amzn_mtls_clientcert_issuer_header_name": null,
            "routing_http_request_x_amzn_mtls_clientcert_leaf_header_name": null,
            "routing_http_request_x_amzn_mtls_clientcert_serial_number_header_name": null,
            "routing_http_request_x_amzn_mtls_clientcert_subject_header_name": null,
            "routing_http_request_x_amzn_mtls_clientcert_validity_header_name": null,
            "routing_http_request_x_amzn_tls_cipher_suite_header_name": null,
            "routing_http_request_x_amzn_tls_version_header_name": null,
            "routing_http_response_access_control_allow_credentials_header_value": "",
            "routing_http_response_access_control_allow_headers_header_value": "",
            "routing_http_response_access_control_allow_methods_header_value": "",
            "routing_http_response_access_control_allow_origin_header_value": "",
            "routing_http_response_access_control_expose_headers_header_value": "",
            "routing_http_response_access_control_max_age_header_value": "",
            "routing_http_response_content_security_policy_header_value": "",
            "routing_http_response_server_enabled": false,
            "routing_http_response_strict_transport_security_header_value": "",
            "routing_http_response_x_content_type_options_header_value": "",
            "routing_http_response_x_frame_options_header_value": "",
            "ssl_policy": "",
            "tags": null,
            "tags_all": {},
            "tcp_idle_timeout_seconds": null,
            "timeouts": null
          },
          "sensitive_attributes": [],
          "private": "eyJlMmJmYjczMC1lY2FhLTExZTYtOGY4OC0zNDM2M2JjN2M0YzAiOnsiY3JlYXRlIjozMDAwMDAwMDAwMDAsInVwZGF0ZSI6MzAwMDAwMDAwMDAwfX0=",
          "dependencies": [
            "aws_lb.app_alb",
            "data.aws_ssm_parameter.app_alb_sg_id",
            "data.aws_ssm_parameter.private_subnet_ids"
          ]
        }
      ]
    },
    {
      "mode": "managed",
      "type": "aws_ssm_parameter",
      "name": "app_alb_listener_arn",
      "provider": "provider[\"registry.terraform.io/hashicorp/aws\"]",
      "instances": [
        {
          "schema_version": 0,
          "attributes": {
            "allowed_pattern": "",
            "arn": "arn:aws:ssm:us-east-1:600627337151:parameter/roboshop/dev/app_alb_listener_arn",
            "data_type": "text",
            "description": "",
            "has_value_wo": null,
            "id": "/roboshop/dev/app_alb_listener_arn",
            "insecure_value": null,
            "key_id": "",
            "name": "/roboshop/dev/app_alb_listener_arn",
            "overwrite": null,
            "tags": null,
            "tags_all": {},
            "tier": "Standard",
            "type": "String",
            "value": "arn:aws:elasticloadbalancing:us-east-1:600627337151:listener/app/roboshop-App-ALB/2dc52416aa30f773/c90d6433277e6121",
            "value_wo": null,
            "value_wo_version": null,
            "version": 1
          },
          "sensitive_attributes": [
            [
              {
                "type": "get_attr",
                "value": "value"
              }
            ],
            [
              {
                "type": "get_attr",
                "value": "value_wo"
              }
            ]
          ],
          "private": "bnVsbA==",
          "dependencies": [
            "aws_lb.app_alb",
            "aws_lb_listener.http",
            "data.aws_ssm_parameter.app_alb_sg_id",
            "data.aws_ssm_parameter.private_subnet_ids"
          ]
        }
      ]
    },
    {
      "module": "module.records",
      "mode": "data",
      "type": "aws_route53_zone",
      "name": "this",
      "provider": "provider[\"registry.terraform.io/hashicorp/aws\"]",
      "instances": [
        {
          "index_key": 0,
          "schema_version": 0,
          "attributes": {
            "arn": "arn:aws:route53:::hostedzone/Z0499996G6YF8WJXJLTY",
            "caller_reference": "c7c7eed4-fa14-47ea-adfc-aadd2b1e7988",
            "comment": "",
            "id": "Z0499996G6YF8WJXJLTY",
            "linked_service_description": null,
            "linked_service_principal": null,
            "name": "glitztechs.online",
            "name_servers": [
              "ns-16.awsdns-02.com",
              "ns-850.awsdns-42.net",
              "ns-1176.awsdns-19.org",
              "ns-1997.awsdns-57.co.uk"
            ],
            "primary_name_server": "ns-16.awsdns-02.com",
            "private_zone": false,
            "resource_record_set_count": 3,
            "tags": {},
            "vpc_id": null,
            "zone_id": "Z0499996G6YF8WJXJLTY"
          },
          "sensitive_attributes": []
        }
      ]
    },
    {
      "module": "module.records",
      "mode": "managed",
      "type": "aws_route53_record",
      "name": "this",
      "provider": "provider[\"registry.terraform.io/hashicorp/aws\"]",
      "instances": [
        {
          "index_key": "*.app A",
          "schema_version": 2,
          "attributes": {
            "alias": [
              {
                "evaluate_target_health": false,
                "name": "internal-roboshop-app-alb-715753496.us-east-1.elb.amazonaws.com",
                "zone_id": "Z35SXDOTRQ7X7K"
              }
            ],
            "allow_overwrite": false,
            "cidr_routing_policy": [],
            "failover_routing_policy": [],
            "fqdn": "*.app.glitztechs.online",
            "geolocation_routing_policy": [],
            "geoproximity_routing_policy": [],
            "health_check_id": "",
            "id": "Z0499996G6YF8WJXJLTY_*.app.glitztechs.online_A",
            "latency_routing_policy": [],
            "multivalue_answer_routing_policy": false,
            "name": "*.app.glitztechs.online",
            "records": null,
            "set_identifier": "",
            "timeouts": null,
            "ttl": 0,
            "type": "A",
            "weighted_routing_policy": [],
            "zone_id": "Z0499996G6YF8WJXJLTY"
          },
          "sensitive_attributes": [],
          "private": "eyJlMmJmYjczMC1lY2FhLTExZTYtOGY4OC0zNDM2M2JjN2M0YzAiOnsiY3JlYXRlIjoxODAwMDAwMDAwMDAwLCJkZWxldGUiOjE4MDAwMDAwMDAwMDAsInVwZGF0ZSI6MTgwMDAwMDAwMDAwMH0sInNjaGVtYV92ZXJzaW9uIjoiMiJ9",
          "dependencies": [
            "aws_lb.app_alb",
            "data.aws_ssm_parameter.app_alb_sg_id",
            "data.aws_ssm_parameter.private_subnet_ids",
            "module.records.data.aws_route53_zone.this"
          ]
        }
      ]
    }
  ],
  "check_results": null
}
